
Microsoft Visual Studio Solution File, Format Version 12.00
# Visual Studio 15
VisualStudioVersion = 15.0.26124.0
MinimumVisualStudioVersion = 15.0.26124.0
Project("{2150E333-8FDC-42A3-9474-1A3956D46DE8}") = "src", "src", "{9635B921-F8C8-4A36-A262-B4BD50248694}"
EndProject
Project("{FAE04EC0-301F-11D3-BF4B-00C04F79EFBC}") = "Ebl.SemanticVersioning.Tools.Core", "src\Ebl.SemanticVersioning.Tools.Core\Ebl.SemanticVersioning.Tools.Core.csproj", "{7860C539-B344-4286-8F7B-93FB2C0E4C98}"
EndProject
Project("{2150E333-8FDC-42A3-9474-1A3956D46DE8}") = "test", "test", "{8B920CB1-6F1E-45A2-B662-9EB37E45E6A5}"
EndProject
Project("{FAE04EC0-301F-11D3-BF4B-00C04F79EFBC}") = "Ebl.SemanticVersioning.Tools.Tests", "test\Ebl.SemanticVersioning.Tools.Tests\Ebl.SemanticVersioning.Tools.Tests.csproj", "{4D2F721B-98C3-41AC-9F6B-D98C807EEDEF}"
EndProject
Project("{FAE04EC0-301F-11D3-BF4B-00C04F79EFBC}") = "SVTools", "src\SVTools\SVTools.csproj", "{78CAE6E8-A873-41E1-B0E0-33CB25A2BF45}"
EndProject
Project("{FAE04EC0-301F-11D3-BF4B-00C04F79EFBC}") = "Ebl.SemanticVersioning.Tools.Acceptance", "test\Ebl.SemanticVersioning.Tools.Acceptance\Ebl.SemanticVersioning.Tools.Acceptance.csproj", "{762CBB8A-2096-4E65-831F-F37EDE19A721}"
EndProject
Global
	GlobalSection(SolutionConfigurationPlatforms) = preSolution
		Debug|Any CPU = Debug|Any CPU
		Debug|x64 = Debug|x64
		Debug|x86 = Debug|x86
		Release|Any CPU = Release|Any CPU
		Release|x64 = Release|x64
		Release|x86 = Release|x86
	EndGlobalSection
	GlobalSection(SolutionProperties) = preSolution
		HideSolutionNode = FALSE
	EndGlobalSection
	GlobalSection(ProjectConfigurationPlatforms) = postSolution
		{7860C539-B344-4286-8F7B-93FB2C0E4C98}.Debug|Any CPU.ActiveCfg = Debug|Any CPU
		{7860C539-B344-4286-8F7B-93FB2C0E4C98}.Debug|Any CPU.Build.0 = Debug|Any CPU
		{7860C539-B344-4286-8F7B-93FB2C0E4C98}.Debug|x64.ActiveCfg = Debug|Any CPU
		{7860C539-B344-4286-8F7B-93FB2C0E4C98}.Debug|x64.Build.0 = Debug|Any CPU
		{7860C539-B344-4286-8F7B-93FB2C0E4C98}.Debug|x86.ActiveCfg = Debug|Any CPU
		{7860C539-B344-4286-8F7B-93FB2C0E4C98}.Debug|x86.Build.0 = Debug|Any CPU
		{7860C539-B344-4286-8F7B-93FB2C0E4C98}.Release|Any CPU.ActiveCfg = Release|Any CPU
		{7860C539-B344-4286-8F7B-93FB2C0E4C98}.Release|Any CPU.Build.0 = Release|Any CPU
		{7860C539-B344-4286-8F7B-93FB2C0E4C98}.Release|x64.ActiveCfg = Release|Any CPU
		{7860C539-B344-4286-8F7B-93FB2C0E4C98}.Release|x64.Build.0 = Release|Any CPU
		{7860C539-B344-4286-8F7B-93FB2C0E4C98}.Release|x86.ActiveCfg = Release|Any CPU
		{7860C539-B344-4286-8F7B-93FB2C0E4C98}.Release|x86.Build.0 = Release|Any CPU
		{4D2F721B-98C3-41AC-9F6B-D98C807EEDEF}.Debug|Any CPU.ActiveCfg = Debug|Any CPU
		{4D2F721B-98C3-41AC-9F6B-D98C807EEDEF}.Debug|Any CPU.Build.0 = Debug|Any CPU
		{4D2F721B-98C3-41AC-9F6B-D98C807EEDEF}.Debug|x64.ActiveCfg = Debug|Any CPU
		{4D2F721B-98C3-41AC-9F6B-D98C807EEDEF}.Debug|x64.Build.0 = Debug|Any CPU
		{4D2F721B-98C3-41AC-9F6B-D98C807EEDEF}.Debug|x86.ActiveCfg = Debug|Any CPU
		{4D2F721B-98C3-41AC-9F6B-D98C807EEDEF}.Debug|x86.Build.0 = Debug|Any CPU
		{4D2F721B-98C3-41AC-9F6B-D98C807EEDEF}.Release|Any CPU.ActiveCfg = Release|Any CPU
		{4D2F721B-98C3-41AC-9F6B-D98C807EEDEF}.Release|Any CPU.Build.0 = Release|Any CPU
		{4D2F721B-98C3-41AC-9F6B-D98C807EEDEF}.Release|x64.ActiveCfg = Release|Any CPU
		{4D2F721B-98C3-41AC-9F6B-D98C807EEDEF}.Release|x64.Build.0 = Release|Any CPU
		{4D2F721B-98C3-41AC-9F6B-D98C807EEDEF}.Release|x86.ActiveCfg = Release|Any CPU
		{4D2F721B-98C3-41AC-9F6B-D98C807EEDEF}.Release|x86.Build.0 = Release|Any CPU
		{78CAE6E8-A873-41E1-B0E0-33CB25A2BF45}.Debug|Any CPU.ActiveCfg = Debug|Any CPU
		{78CAE6E8-A873-41E1-B0E0-33CB25A2BF45}.Debug|Any CPU.Build.0 = Debug|Any CPU
		{78CAE6E8-A873-41E1-B0E0-33CB25A2BF45}.Debug|x64.ActiveCfg = Debug|Any CPU
		{78CAE6E8-A873-41E1-B0E0-33CB25A2BF45}.Debug|x64.Build.0 = Debug|Any CPU
		{78CAE6E8-A873-41E1-B0E0-33CB25A2BF45}.Debug|x86.ActiveCfg = Debug|Any CPU
		{78CAE6E8-A873-41E1-B0E0-33CB25A2BF45}.Debug|x86.Build.0 = Debug|Any CPU
		{78CAE6E8-A873-41E1-B0E0-33CB25A2BF45}.Release|Any CPU.ActiveCfg = Release|Any CPU
		{78CAE6E8-A873-41E1-B0E0-33CB25A2BF45}.Release|Any CPU.Build.0 = Release|Any CPU
		{78CAE6E8-A873-41E1-B0E0-33CB25A2BF45}.Release|x64.ActiveCfg = Release|Any CPU
		{78CAE6E8-A873-41E1-B0E0-33CB25A2BF45}.Release|x64.Build.0 = Release|Any CPU
		{78CAE6E8-A873-41E1-B0E0-33CB25A2BF45}.Release|x86.ActiveCfg = Release|Any CPU
		{78CAE6E8-A873-41E1-B0E0-33CB25A2BF45}.Release|x86.Build.0 = Release|Any CPU
		{762CBB8A-2096-4E65-831F-F37EDE19A721}.Debug|Any CPU.ActiveCfg = Debug|Any CPU
		{762CBB8A-2096-4E65-831F-F37EDE19A721}.Debug|Any CPU.Build.0 = Debug|Any CPU
		{762CBB8A-2096-4E65-831F-F37EDE19A721}.Debug|x64.ActiveCfg = Debug|Any CPU
		{762CBB8A-2096-4E65-831F-F37EDE19A721}.Debug|x64.Build.0 = Debug|Any CPU
		{762CBB8A-2096-4E65-831F-F37EDE19A721}.Debug|x86.ActiveCfg = Debug|Any CPU
		{762CBB8A-2096-4E65-831F-F37EDE19A721}.Debug|x86.Build.0 = Debug|Any CPU
		{762CBB8A-2096-4E65-831F-F37EDE19A721}.Release|Any CPU.ActiveCfg = Release|Any CPU
		{762CBB8A-2096-4E65-831F-F37EDE19A721}.Release|Any CPU.Build.0 = Release|Any CPU
		{762CBB8A-2096-4E65-831F-F37EDE19A721}.Release|x64.ActiveCfg = Release|Any CPU
		{762CBB8A-2096-4E65-831F-F37EDE19A721}.Release|x64.Build.0 = Release|Any CPU
		{762CBB8A-2096-4E65-831F-F37EDE19A721}.Release|x86.ActiveCfg = Release|Any CPU
		{762CBB8A-2096-4E65-831F-F37EDE19A721}.Release|x86.Build.0 = Release|Any CPU
	EndGlobalSection
	GlobalSection(NestedProjects) = preSolution
		{7860C539-B344-4286-8F7B-93FB2C0E4C98} = {9635B921-F8C8-4A36-A262-B4BD50248694}
		{4D2F721B-98C3-41AC-9F6B-D98C807EEDEF} = {8B920CB1-6F1E-45A2-B662-9EB37E45E6A5}
		{78CAE6E8-A873-41E1-B0E0-33CB25A2BF45} = {9635B921-F8C8-4A36-A262-B4BD50248694}
		{762CBB8A-2096-4E65-831F-F37EDE19A721} = {8B920CB1-6F1E-45A2-B662-9EB37E45E6A5}
	EndGlobalSection
EndGlobal
